Microsoft Visual Studio Solution File, Format Version 11.00
# Visual Studio 2008

Project("{CB06D799-16BF-9577-2B21-DF31032C3E0D}") = "j05", "Assembly-CSharp-firstpass.csproj", "{7AD80060-C493-E61D-022F-4617855D6642}"
EndProject
Project("{CB06D799-16BF-9577-2B21-DF31032C3E0D}") = "j05", "Assembly-CSharp.csproj", "{ED9E458A-0A67-828D-9827-E0F528E365F0}"
EndProject
Project("{CB06D799-16BF-9577-2B21-DF31032C3E0D}") = "j05", "Assembly-CSharp-Editor.csproj", "{EE8636C8-B80C-7105-C69B-F748C932782C}"
EndProject
Global
	GlobalSection(SolutionConfigurationPlatforms) = preSolution
		Debug|Any CPU = Debug|Any CPU
		Release|Any CPU = Release|Any CPU
	EndGlobalSection
	GlobalSection(ProjectConfigurationPlatforms) = postSolution
		{7AD80060-C493-E61D-022F-4617855D6642}.Debug|Any CPU.ActiveCfg = Debug|Any CPU
		{7AD80060-C493-E61D-022F-4617855D6642}.Debug|Any CPU.Build.0 = Debug|Any CPU
		{7AD80060-C493-E61D-022F-4617855D6642}.Release|Any CPU.ActiveCfg = Release|Any CPU
		{7AD80060-C493-E61D-022F-4617855D6642}.Release|Any CPU.Build.0 = Release|Any CPU
		{ED9E458A-0A67-828D-9827-E0F528E365F0}.Debug|Any CPU.ActiveCfg = Debug|Any CPU
		{ED9E458A-0A67-828D-9827-E0F528E365F0}.Debug|Any CPU.Build.0 = Debug|Any CPU
		{ED9E458A-0A67-828D-9827-E0F528E365F0}.Release|Any CPU.ActiveCfg = Release|Any CPU
		{ED9E458A-0A67-828D-9827-E0F528E365F0}.Release|Any CPU.Build.0 = Release|Any CPU
		{EE8636C8-B80C-7105-C69B-F748C932782C}.Debug|Any CPU.ActiveCfg = Debug|Any CPU
		{EE8636C8-B80C-7105-C69B-F748C932782C}.Debug|Any CPU.Build.0 = Debug|Any CPU
		{EE8636C8-B80C-7105-C69B-F748C932782C}.Release|Any CPU.ActiveCfg = Release|Any CPU
		{EE8636C8-B80C-7105-C69B-F748C932782C}.Release|Any CPU.Build.0 = Release|Any CPU
	EndGlobalSection
	GlobalSection(SolutionProperties) = preSolution
		HideSolutionNode = FALSE
	EndGlobalSection
															GlobalSection(MonoDevelopProperties) = preSolution
		StartupItem = Assembly-CSharp.csproj
		Policies = $0
		$0.TextStylePolicy = $1
		$1.inheritsSet = null
		$1.scope = text/x-csharp
		$0.CSharpFormattingPolicy = $2
		$2.inheritsSet = Mono
		$2.inheritsScope = text/x-csharp
		$2.scope = text/x-csharp
		$0.TextStylePolicy = $3
		$3.FileWidth = 120
		$3.TabWidth = 4
		$3.IndentWidth = 4
		$3.EolMarker = Unix
		$3.inheritsSet = Mono
		$3.inheritsScope = text/plain
		$3.scope = text/plain
	EndGlobalSection

EndGlobal
