Microsoft Visual Studio Solution File, Format Version 11.00
# Visual Studio 2008

Project("{6B2A7586-AD57-CB3E-6898-F23A4C1D3971}") = "j03", "Assembly-CSharp-vs.csproj", "{59ADBCB7-24F9-0626-A6FA-5B549B16AF5C}"
EndProject
Project("{6B2A7586-AD57-CB3E-6898-F23A4C1D3971}") = "j03", "Assembly-CSharp-Editor-vs.csproj", "{41D55657-706D-DC48-E479-7A00B824FABE}"
EndProject
Global
	GlobalSection(SolutionConfigurationPlatforms) = preSolution
		Debug|Any CPU = Debug|Any CPU
		Release|Any CPU = Release|Any CPU
	EndGlobalSection
	GlobalSection(ProjectConfigurationPlatforms) = postSolution
		{59ADBCB7-24F9-0626-A6FA-5B549B16AF5C}.Debug|Any CPU.ActiveCfg = Debug|Any CPU
		{59ADBCB7-24F9-0626-A6FA-5B549B16AF5C}.Debug|Any CPU.Build.0 = Debug|Any CPU
		{59ADBCB7-24F9-0626-A6FA-5B549B16AF5C}.Release|Any CPU.ActiveCfg = Release|Any CPU
		{59ADBCB7-24F9-0626-A6FA-5B549B16AF5C}.Release|Any CPU.Build.0 = Release|Any CPU
		{41D55657-706D-DC48-E479-7A00B824FABE}.Debug|Any CPU.ActiveCfg = Debug|Any CPU
		{41D55657-706D-DC48-E479-7A00B824FABE}.Debug|Any CPU.Build.0 = Debug|Any CPU
		{41D55657-706D-DC48-E479-7A00B824FABE}.Release|Any CPU.ActiveCfg = Release|Any CPU
		{41D55657-706D-DC48-E479-7A00B824FABE}.Release|Any CPU.Build.0 = Release|Any CPU
	EndGlobalSection
	GlobalSection(SolutionProperties) = preSolution
		HideSolutionNode = FALSE
	EndGlobalSection
															GlobalSection(MonoDevelopProperties) = preSolution
		StartupItem = Assembly-CSharp.csproj
		Policies = $0
		$0.TextStylePolicy = $1
		$1.inheritsSet = null
		$1.scope = text/x-csharp
		$0.CSharpFormattingPolicy = $2
		$2.inheritsSet = Mono
		$2.inheritsScope = text/x-csharp
		$2.scope = text/x-csharp
		$0.TextStylePolicy = $3
		$3.FileWidth = 120
		$3.TabWidth = 4
		$3.IndentWidth = 4
		$3.EolMarker = Unix
		$3.inheritsSet = Mono
		$3.inheritsScope = text/plain
		$3.scope = text/plain
	EndGlobalSection

EndGlobal
